
Microsoft Visual Studio Solution File, Format Version 12.00
# Visual Studio Version 17
VisualStudioVersion = 17.3.32825.248
MinimumVisualStudioVersion = 10.0.40219.1
Project("{9A19103F-16F7-4668-BE54-9A1E7A4F7556}") = "BetterEssenceCorruptionHelper", "BetterEssenceCorruptionHelper.csproj", "{632B4CC5-81A5-43EA-BFAC-076D0D5D7D76}"
EndProject
Global
	GlobalSection(SolutionConfigurationPlatforms) = preSolution
		Debug|Any CPU = Debug|Any CPU
		Debug|x64 = Debug|x64
		Release|Any CPU = Release|Any CPU
		Release|x64 = Release|x64
	EndGlobalSection
	GlobalSection(ProjectConfigurationPlatforms) = postSolution
		{632B4CC5-81A5-43EA-BFAC-076D0D5D7D76}.Debug|Any CPU.ActiveCfg = Debug|Any CPU
		{632B4CC5-81A5-43EA-BFAC-076D0D5D7D76}.Debug|Any CPU.Build.0 = Debug|Any CPU
		{632B4CC5-81A5-43EA-BFAC-076D0D5D7D76}.Debug|x64.ActiveCfg = Debug|x64
		{632B4CC5-81A5-43EA-BFAC-076D0D5D7D76}.Debug|x64.Build.0 = Debug|x64
		{632B4CC5-81A5-43EA-BFAC-076D0D5D7D76}.Release|Any CPU.ActiveCfg = Release|Any CPU
		{632B4CC5-81A5-43EA-BFAC-076D0D5D7D76}.Release|Any CPU.Build.0 = Release|Any CPU
		{632B4CC5-81A5-43EA-BFAC-076D0D5D7D76}.Release|x64.ActiveCfg = Release|x64
		{632B4CC5-81A5-43EA-BFAC-076D0D5D7D76}.Release|x64.Build.0 = Release|x64
	EndGlobalSection
	GlobalSection(SolutionProperties) = preSolution
		HideSolutionNode = FALSE
	EndGlobalSection
	GlobalSection(ExtensibilityGlobals) = postSolution
		SolutionGuid = {15518587-7459-4EA2-938B-D678021E7886}
	EndGlobalSection
EndGlobal
